{
  "version": 4,
  "terraform_version": "1.13.3",
  "serial": 36,
  "lineage": "1d4e45e8-3c5e-7dfd-36e7-b30adc982efc",
  "outputs": {
    "api_gateway_url": {
      "value": "https://pd0fryi5j8.execute-api.ap-southeast-1.amazonaws.com",
      "type": "string"
    },
    "aws_region": {
      "value": "ap-southeast-1",
      "type": "string"
    },
    "dynamodb_table_name": {
      "value": "Events",
      "type": "string"
    },
    "lambda_arn": {
      "value": "arn:aws:lambda:ap-southeast-1:526344317336:function:event-backend",
      "type": "string"
    },
    "lambda_function_name": {
      "value": "event-backend",
      "type": "string"
    }
  },
  "resources": [
    {
      "mode": "data",
      "type": "archive_file",
      "name": "lambda_zip",
      "provider": "provider[\"registry.terraform.io/hashicorp/archive\"]",
      "instances": [
        {
          "schema_version": 0,
          "attributes": {
            "exclude_symlink_directories": null,
            "excludes": null,
            "id": "b885d733456bd5032338aecef6da8b30ad4afbdb",
            "output_base64sha256": "otK8FYoV8Kyuw/S7ISOpFo0AVhrWOPcM/1TehP6xUrY=",
            "output_base64sha512": "HAO9idhy/aiVQ7gh2WbQLNO0cn5iyhWzB6EMXV4JpVb2DQjhU5bKKCDCke7m+poBsh8FYIB3RkfPS9IrBdBjUg==",
            "output_file_mode": null,
            "output_md5": "5763e188cd4a0140df22d21db0272148",
            "output_path": "./lambda.zip",
            "output_sha": "b885d733456bd5032338aecef6da8b30ad4afbdb",
            "output_sha256": "a2d2bc158a15f0acaec3f4bb2123a9168d00561ad638f70cff54de84feb152b6",
            "output_sha512": "1c03bd89d872fda89543b821d966d02cd3b4727e62ca15b307a10c5d5e09a556f60d08e15396ca2820c291eee6fa9a01b21f056080774647cf4bd22b05d06352",
            "output_size": 24031754,
            "source": [],
            "source_content": null,
            "source_content_filename": null,
            "source_dir": "./../backend",
            "source_file": null,
            "type": "zip"
          },
          "sensitive_attributes": [],
          "identity_schema_version": 0
        }
      ]
    },
    {
      "mode": "managed",
      "type": "aws_apigatewayv2_api",
      "name": "api",
      "provider": "provider[\"registry.terraform.io/hashicorp/aws\"]",
      "instances": [
        {
          "schema_version": 0,
          "attributes": {
            "api_endpoint": "https://pd0fryi5j8.execute-api.ap-southeast-1.amazonaws.com",
            "api_key_selection_expression": "$request.header.x-api-key",
            "arn": "arn:aws:apigateway:ap-southeast-1::/apis/pd0fryi5j8",
            "body": null,
            "cors_configuration": [],
            "credentials_arn": null,
            "description": "",
            "disable_execute_api_endpoint": false,
            "execution_arn": "arn:aws:execute-api:ap-southeast-1:526344317336:pd0fryi5j8",
            "fail_on_warnings": null,
            "id": "pd0fryi5j8",
            "ip_address_type": "ipv4",
            "name": "event-api",
            "protocol_type": "HTTP",
            "region": "ap-southeast-1",
            "route_key": null,
            "route_selection_expression": "$request.method $request.path",
            "tags": {},
            "tags_all": {},
            "target": null,
            "version": ""
          },
          "sensitive_attributes": [],
          "identity_schema_version": 0,
          "private": "bnVsbA=="
        }
      ]
    },
    {
      "mode": "managed",
      "type": "aws_apigatewayv2_integration",
      "name": "lambda",
      "provider": "provider[\"registry.terraform.io/hashicorp/aws\"]",
      "instances": [
        {
          "schema_version": 0,
          "attributes": {
            "api_id": "pd0fryi5j8",
            "connection_id": "",
            "connection_type": "INTERNET",
            "content_handling_strategy": "",
            "credentials_arn": "",
            "description": "",
            "id": "uu0jlrm",
            "integration_method": "POST",
            "integration_response_selection_expression": "",
            "integration_subtype": "",
            "integration_type": "AWS_PROXY",
            "integration_uri": "arn:aws:apigateway:ap-southeast-1:lambda:path/2015-03-31/functions/arn:aws:lambda:ap-southeast-1:526344317336:function:event-backend/invocations",
            "passthrough_behavior": "",
            "payload_format_version": "2.0",
            "region": "ap-southeast-1",
            "request_parameters": {},
            "request_templates": {},
            "response_parameters": [],
            "template_selection_expression": "",
            "timeout_milliseconds": 30000,
            "tls_config": []
          },
          "sensitive_attributes": [],
          "identity_schema_version": 0,
          "private": "bnVsbA==",
          "dependencies": [
            "aws_apigatewayv2_api.api",
            "aws_iam_role.lambda_role",
            "aws_lambda_function.backend",
            "data.archive_file.lambda_zip"
          ]
        }
      ]
    },
    {
      "mode": "managed",
      "type": "aws_apigatewayv2_route",
      "name": "create_event",
      "provider": "provider[\"registry.terraform.io/hashicorp/aws\"]",
      "instances": [
        {
          "schema_version": 0,
          "attributes": {
            "api_id": "pd0fryi5j8",
            "api_key_required": false,
            "authorization_scopes": [],
            "authorization_type": "NONE",
            "authorizer_id": "",
            "id": "tc1tug6",
            "model_selection_expression": "",
            "operation_name": "",
            "region": "ap-southeast-1",
            "request_models": {},
            "request_parameter": [],
            "route_key": "POST /events",
            "route_response_selection_expression": "",
            "target": "integrations/uu0jlrm"
          },
          "sensitive_attributes": [],
          "identity_schema_version": 0,
          "private": "bnVsbA==",
          "dependencies": [
            "aws_apigatewayv2_api.api",
            "aws_apigatewayv2_integration.lambda",
            "aws_iam_role.lambda_role",
            "aws_lambda_function.backend",
            "data.archive_file.lambda_zip"
          ]
        }
      ]
    },
    {
      "mode": "managed",
      "type": "aws_apigatewayv2_route",
      "name": "get_event",
      "provider": "provider[\"registry.terraform.io/hashicorp/aws\"]",
      "instances": [
        {
          "schema_version": 0,
          "attributes": {
            "api_id": "pd0fryi5j8",
            "api_key_required": false,
            "authorization_scopes": [],
            "authorization_type": "NONE",
            "authorizer_id": "",
            "id": "6gfn2fk",
            "model_selection_expression": "",
            "operation_name": "",
            "region": "ap-southeast-1",
            "request_models": {},
            "request_parameter": [],
            "route_key": "GET /events/{id}",
            "route_response_selection_expression": "",
            "target": "integrations/uu0jlrm"
          },
          "sensitive_attributes": [],
          "identity_schema_version": 0,
          "private": "bnVsbA==",
          "dependencies": [
            "aws_apigatewayv2_api.api",
            "aws_apigatewayv2_integration.lambda",
            "aws_iam_role.lambda_role",
            "aws_lambda_function.backend",
            "data.archive_file.lambda_zip"
          ]
        }
      ]
    },
    {
      "mode": "managed",
      "type": "aws_apigatewayv2_route",
      "name": "get_events",
      "provider": "provider[\"registry.terraform.io/hashicorp/aws\"]",
      "instances": [
        {
          "schema_version": 0,
          "attributes": {
            "api_id": "pd0fryi5j8",
            "api_key_required": false,
            "authorization_scopes": [],
            "authorization_type": "NONE",
            "authorizer_id": "",
            "id": "d5b1v0k",
            "model_selection_expression": "",
            "operation_name": "",
            "region": "ap-southeast-1",
            "request_models": {},
            "request_parameter": [],
            "route_key": "GET /events",
            "route_response_selection_expression": "",
            "target": "integrations/uu0jlrm"
          },
          "sensitive_attributes": [],
          "identity_schema_version": 0,
          "private": "bnVsbA==",
          "dependencies": [
            "aws_apigatewayv2_api.api",
            "aws_apigatewayv2_integration.lambda",
            "aws_iam_role.lambda_role",
            "aws_lambda_function.backend",
            "data.archive_file.lambda_zip"
          ]
        }
      ]
    },
    {
      "mode": "managed",
      "type": "aws_apigatewayv2_route",
      "name": "register_event",
      "provider": "provider[\"registry.terraform.io/hashicorp/aws\"]",
      "instances": [
        {
          "schema_version": 0,
          "attributes": {
            "api_id": "pd0fryi5j8",
            "api_key_required": false,
            "authorization_scopes": [],
            "authorization_type": "NONE",
            "authorizer_id": "",
            "id": "5ch119m",
            "model_selection_expression": "",
            "operation_name": "",
            "region": "ap-southeast-1",
            "request_models": {},
            "request_parameter": [],
            "route_key": "POST /events/{id}/register",
            "route_response_selection_expression": "",
            "target": "integrations/uu0jlrm"
          },
          "sensitive_attributes": [],
          "identity_schema_version": 0,
          "private": "bnVsbA==",
          "dependencies": [
            "aws_apigatewayv2_api.api",
            "aws_apigatewayv2_integration.lambda",
            "aws_iam_role.lambda_role",
            "aws_lambda_function.backend",
            "data.archive_file.lambda_zip"
          ]
        }
      ]
    },
    {
      "mode": "managed",
      "type": "aws_apigatewayv2_stage",
      "name": "prod",
      "provider": "provider[\"registry.terraform.io/hashicorp/aws\"]",
      "instances": [
        {
          "schema_version": 0,
          "attributes": {
            "access_log_settings": [],
            "api_id": "pd0fryi5j8",
            "arn": "arn:aws:apigateway:ap-southeast-1::/apis/pd0fryi5j8/stages/prod",
            "auto_deploy": true,
            "client_certificate_id": "",
            "default_route_settings": [
              {
                "data_trace_enabled": false,
                "detailed_metrics_enabled": false,
                "logging_level": "",
                "throttling_burst_limit": 0,
                "throttling_rate_limit": 0
              }
            ],
            "deployment_id": "xwkh6e",
            "description": "",
            "execution_arn": "arn:aws:execute-api:ap-southeast-1:526344317336:pd0fryi5j8/prod",
            "id": "prod",
            "invoke_url": "https://pd0fryi5j8.execute-api.ap-southeast-1.amazonaws.com/prod",
            "name": "prod",
            "region": "ap-southeast-1",
            "route_settings": [],
            "stage_variables": {},
            "tags": {},
            "tags_all": {}
          },
          "sensitive_attributes": [],
          "identity_schema_version": 0,
          "private": "bnVsbA==",
          "dependencies": [
            "aws_apigatewayv2_api.api"
          ]
        }
      ]
    },
    {
      "mode": "managed",
      "type": "aws_dynamodb_table",
      "name": "events",
      "provider": "provider[\"registry.terraform.io/hashicorp/aws\"]",
      "instances": [
        {
          "schema_version": 1,
          "attributes": {
            "arn": "arn:aws:dynamodb:ap-southeast-1:526344317336:table/Events",
            "attribute": [
              {
                "name": "eventId",
                "type": "S"
              }
            ],
            "billing_mode": "PAY_PER_REQUEST",
            "deletion_protection_enabled": false,
            "global_secondary_index": [],
            "global_table_witness": [],
            "hash_key": "eventId",
            "id": "Events",
            "import_table": [],
            "local_secondary_index": [],
            "name": "Events",
            "on_demand_throughput": [],
            "point_in_time_recovery": [
              {
                "enabled": false,
                "recovery_period_in_days": 0
              }
            ],
            "range_key": null,
            "read_capacity": 0,
            "region": "ap-southeast-1",
            "replica": [],
            "restore_date_time": null,
            "restore_source_name": null,
            "restore_source_table_arn": null,
            "restore_to_latest_time": null,
            "server_side_encryption": [],
            "stream_arn": "",
            "stream_enabled": false,
            "stream_label": "",
            "stream_view_type": "",
            "table_class": "STANDARD",
            "tags": null,
            "tags_all": {},
            "timeouts": null,
            "ttl": [
              {
                "attribute_name": "",
                "enabled": false
              }
            ],
            "warm_throughput": [],
            "write_capacity": 0
          },
          "sensitive_attributes": [],
          "identity_schema_version": 0,
          "private": "eyJlMmJmYjczMC1lY2FhLTExZTYtOGY4OC0zNDM2M2JjN2M0YzAiOnsiY3JlYXRlIjoxODAwMDAwMDAwMDAwLCJkZWxldGUiOjYwMDAwMDAwMDAwMCwidXBkYXRlIjozNjAwMDAwMDAwMDAwfSwic2NoZW1hX3ZlcnNpb24iOiIxIn0="
        }
      ]
    },
    {
      "mode": "managed",
      "type": "aws_iam_role",
      "name": "lambda_role",
      "provider": "provider[\"registry.terraform.io/hashicorp/aws\"]",
      "instances": [
        {
          "schema_version": 0,
          "attributes": {
            "arn": "arn:aws:iam::526344317336:role/lambda-execution-role",
            "assume_role_policy": "{\"Statement\":[{\"Action\":\"sts:AssumeRole\",\"Effect\":\"Allow\",\"Principal\":{\"Service\":\"lambda.amazonaws.com\"}}],\"Version\":\"2012-10-17\"}",
            "create_date": "2025-12-26T14:37:51Z",
            "description": "",
            "force_detach_policies": false,
            "id": "lambda-execution-role",
            "inline_policy": [
              {
                "name": "lambda-dynamodb",
                "policy": "{\"Version\":\"2012-10-17\",\"Statement\":[{\"Action\":[\"dynamodb:*\"],\"Effect\":\"Allow\",\"Resource\":\"*\"}]}"
              }
            ],
            "managed_policy_arns": [
              "arn:aws:iam::aws:policy/service-role/AWSLambdaBasicExecutionRole"
            ],
            "max_session_duration": 3600,
            "name": "lambda-execution-role",
            "name_prefix": "",
            "path": "/",
            "permissions_boundary": "",
            "tags": {},
            "tags_all": {},
            "unique_id": "AROAXVDEQ5GMJUCPT35VP"
          },
          "sensitive_attributes": [],
          "identity_schema_version": 0,
          "identity": {
            "account_id": "526344317336",
            "name": "lambda-execution-role"
          },
          "private": "bnVsbA=="
        }
      ]
    },
    {
      "mode": "managed",
      "type": "aws_iam_role_policy",
      "name": "ddb",
      "provider": "provider[\"registry.terraform.io/hashicorp/aws\"]",
      "instances": [
        {
          "schema_version": 0,
          "attributes": {
            "id": "lambda-execution-role:lambda-dynamodb",
            "name": "lambda-dynamodb",
            "name_prefix": "",
            "policy": "{\"Version\":\"2012-10-17\",\"Statement\":[{\"Action\":[\"dynamodb:*\"],\"Effect\":\"Allow\",\"Resource\":\"*\"}]}",
            "role": "lambda-execution-role"
          },
          "sensitive_attributes": [],
          "identity_schema_version": 0,
          "identity": {
            "account_id": "526344317336",
            "name": "lambda-dynamodb",
            "role": "lambda-execution-role"
          },
          "private": "bnVsbA==",
          "dependencies": [
            "aws_iam_role.lambda_role"
          ]
        }
      ]
    },
    {
      "mode": "managed",
      "type": "aws_iam_role_policy_attachment",
      "name": "basic",
      "provider": "provider[\"registry.terraform.io/hashicorp/aws\"]",
      "instances": [
        {
          "schema_version": 0,
          "attributes": {
            "id": "lambda-execution-role/arn:aws:iam::aws:policy/service-role/AWSLambdaBasicExecutionRole",
            "policy_arn": "arn:aws:iam::aws:policy/service-role/AWSLambdaBasicExecutionRole",
            "role": "lambda-execution-role"
          },
          "sensitive_attributes": [],
          "identity_schema_version": 0,
          "identity": {
            "account_id": "526344317336",
            "policy_arn": "arn:aws:iam::aws:policy/service-role/AWSLambdaBasicExecutionRole",
            "role": "lambda-execution-role"
          },
          "private": "bnVsbA==",
          "dependencies": [
            "aws_iam_role.lambda_role"
          ]
        }
      ]
    },
    {
      "mode": "managed",
      "type": "aws_lambda_function",
      "name": "backend",
      "provider": "provider[\"registry.terraform.io/hashicorp/aws\"]",
      "instances": [
        {
          "schema_version": 0,
          "attributes": {
            "architectures": [
              "x86_64"
            ],
            "arn": "arn:aws:lambda:ap-southeast-1:526344317336:function:event-backend",
            "capacity_provider_config": [],
            "code_sha256": "otK8FYoV8Kyuw/S7ISOpFo0AVhrWOPcM/1TehP6xUrY=",
            "code_signing_config_arn": "",
            "dead_letter_config": [],
            "description": "",
            "durable_config": [],
            "environment": [],
            "ephemeral_storage": [
              {
                "size": 512
              }
            ],
            "file_system_config": [],
            "filename": "./lambda.zip",
            "function_name": "event-backend",
            "handler": "index.handler",
            "id": "event-backend",
            "image_config": [],
            "image_uri": "",
            "invoke_arn": "arn:aws:apigateway:ap-southeast-1:lambda:path/2015-03-31/functions/arn:aws:lambda:ap-southeast-1:526344317336:function:event-backend/invocations",
            "kms_key_arn": "",
            "last_modified": "2025-12-26T17:52:20.000+0000",
            "layers": [],
            "logging_config": [
              {
                "application_log_level": "",
                "log_format": "Text",
                "log_group": "/aws/lambda/event-backend",
                "system_log_level": ""
              }
            ],
            "memory_size": 128,
            "package_type": "Zip",
            "publish": false,
            "publish_to": null,
            "qualified_arn": "arn:aws:lambda:ap-southeast-1:526344317336:function:event-backend:$LATEST",
            "qualified_invoke_arn": "arn:aws:apigateway:ap-southeast-1:lambda:path/2015-03-31/functions/arn:aws:lambda:ap-southeast-1:526344317336:function:event-backend:$LATEST/invocations",
            "region": "ap-southeast-1",
            "replace_security_groups_on_destroy": null,
            "replacement_security_group_ids": null,
            "reserved_concurrent_executions": -1,
            "role": "arn:aws:iam::526344317336:role/lambda-execution-role",
            "runtime": "nodejs18.x",
            "s3_bucket": null,
            "s3_key": null,
            "s3_object_version": null,
            "signing_job_arn": "",
            "signing_profile_version_arn": "",
            "skip_destroy": false,
            "snap_start": [],
            "source_code_hash": "otK8FYoV8Kyuw/S7ISOpFo0AVhrWOPcM/1TehP6xUrY=",
            "source_code_size": 24031754,
            "source_kms_key_arn": "",
            "tags": {},
            "tags_all": {},
            "tenancy_config": [],
            "timeout": 3,
            "timeouts": null,
            "tracing_config": [
              {
                "mode": "PassThrough"
              }
            ],
            "version": "$LATEST",
            "vpc_config": []
          },
          "sensitive_attributes": [],
          "identity_schema_version": 0,
          "identity": {
            "account_id": "526344317336",
            "function_name": "event-backend",
            "region": "ap-southeast-1"
          },
          "private": "eyJlMmJmYjczMC1lY2FhLTExZTYtOGY4OC0zNDM2M2JjN2M0YzAiOnsiY3JlYXRlIjo2MDAwMDAwMDAwMDAsImRlbGV0ZSI6NjAwMDAwMDAwMDAwLCJ1cGRhdGUiOjYwMDAwMDAwMDAwMH19",
          "dependencies": [
            "aws_iam_role.lambda_role",
            "data.archive_file.lambda_zip"
          ]
        }
      ]
    },
    {
      "mode": "managed",
      "type": "aws_lambda_permission",
      "name": "allow_apigw",
      "provider": "provider[\"registry.terraform.io/hashicorp/aws\"]",
      "instances": [
        {
          "schema_version": 0,
          "attributes": {
            "action": "lambda:InvokeFunction",
            "event_source_token": null,
            "function_name": "event-backend",
            "function_url_auth_type": null,
            "id": "AllowAPIGatewayInvoke",
            "principal": "apigateway.amazonaws.com",
            "principal_org_id": null,
            "qualifier": "",
            "region": "ap-southeast-1",
            "source_account": null,
            "source_arn": "arn:aws:execute-api:ap-southeast-1:526344317336:pd0fryi5j8/*/*",
            "statement_id": "AllowAPIGatewayInvoke",
            "statement_id_prefix": ""
          },
          "sensitive_attributes": [],
          "identity_schema_version": 0,
          "identity": {
            "account_id": "526344317336",
            "function_name": "event-backend",
            "qualifier": null,
            "region": "ap-southeast-1",
            "statement_id": "AllowAPIGatewayInvoke"
          },
          "private": "bnVsbA==",
          "dependencies": [
            "aws_apigatewayv2_api.api",
            "aws_iam_role.lambda_role",
            "aws_lambda_function.backend",
            "data.archive_file.lambda_zip"
          ]
        }
      ]
    }
  ],
  "check_results": null
}
